Microsoft Visual Studio Solution File, Format Version 12.00
# Visual Studio Version 17
VisualStudioVersion = 17.5.2.0
MinimumVisualStudioVersion = 10.0.40219.1
Project("{FAE04EC0-301F-11D3-BF4B-00C04F79EFBC}") = "R2ETien.EFCore", "R2ETien.EFCore.csproj", "{058D7A80-1F8A-21BF-5DC4-B4A38595FD69}"
EndProject
Global
	GlobalSection(SolutionConfigurationPlatforms) = preSolution
		Debug|Any CPU = Debug|Any CPU
		Release|Any CPU = Release|Any CPU
	EndGlobalSection
	GlobalSection(ProjectConfigurationPlatforms) = postSolution
		{058D7A80-1F8A-21BF-5DC4-B4A38595FD69}.Debug|Any CPU.ActiveCfg = Debug|Any CPU
		{058D7A80-1F8A-21BF-5DC4-B4A38595FD69}.Debug|Any CPU.Build.0 = Debug|Any CPU
		{058D7A80-1F8A-21BF-5DC4-B4A38595FD69}.Release|Any CPU.ActiveCfg = Release|Any CPU
		{058D7A80-1F8A-21BF-5DC4-B4A38595FD69}.Release|Any CPU.Build.0 = Release|Any CPU
	EndGlobalSection
	GlobalSection(SolutionProperties) = preSolution
		HideSolutionNode = FALSE
	EndGlobalSection
	GlobalSection(ExtensibilityGlobals) = postSolution
		SolutionGuid = {474C9426-9489-46F5-99A6-77EB06135985}
	EndGlobalSection
EndGlobal
